
Microsoft Visual Studio Solution File, Format Version 12.00
Project("{FAE04EC0-301F-11D3-BF4B-00C04F79EFBC}") = "api", "api\api.csproj", "{8407897C-9190-4688-835C-0B1D2CD6D9D4}"
EndProject
Project("{FAE04EC0-301F-11D3-BF4B-00C04F79EFBC}") = "notifications", "notifications\notifications.csproj", "{A1B2C3D4-E5F6-7890-ABCD-EF1234567890}"
EndProject
Project("{2150E333-8FDC-42A3-9474-1A3956D46DE8}") = "deploy", "deploy", "{D2AAAE5D-8D28-4907-AD74-0417D6DDC04D}"
	ProjectSection(SolutionItems) = preProject
		deploy\Dockerfile = deploy\Dockerfile
		deploy\pod.yaml = deploy\pod.yaml
	EndProjectSection
EndProject
Project("{2150E333-8FDC-42A3-9474-1A3956D46DE8}") = "app", "app", "{E9373366-3A5C-4916-A225-08477EE23649}"
	ProjectSection(SolutionItems) = preProject
		deploy\app\deployment-manager.yaml = deploy\app\deployment-manager.yaml
		deploy\app\deployment.yaml = deploy\app\deployment.yaml
		deploy\app\ingress.yaml = deploy\app\ingress.yaml
		deploy\app\notifications-deployment.yaml = deploy\app\notifications-deployment.yaml
		deploy\app\service-monitor.yaml = deploy\app\service-monitor.yaml
		deploy\app\priority-class.yml = deploy\app\priority-class.yml
		deploy\app\seq-deployment.yaml = deploy\app\seq-deployment.yaml
		deploy\app\seq-external-service.yaml = deploy\app\seq-external-service.yaml
	EndProjectSection
EndProject
Project("{2150E333-8FDC-42A3-9474-1A3956D46DE8}") = "k3s", "k3s", "{67D0EE3E-1825-4084-8A52-33C1888346B8}"
	ProjectSection(SolutionItems) = preProject
		deploy\app\k3s\clickhouse-aks-monitor.yml = deploy\app\k3s\clickhouse-aks-monitor.yml
		deploy\app\k3s\bf42-api-aks-monitor.yml = deploy\app\k3s\bf42-api-aks-monitor.yml
		deploy\app\k3s\MONITORING.md = deploy\app\k3s\MONITORING.md
		deploy\app\k3s\README.md = deploy\app\k3s\README.md
	EndProjectSection
EndProject
Project("{2150E333-8FDC-42A3-9474-1A3956D46DE8}") = "clickhouse", "clickhouse", "{62EA89F3-92D5-4441-96F3-007EE2F1712D}"
	ProjectSection(SolutionItems) = preProject
		deploy\app\clickhouse\deployment.yml = deploy\app\clickhouse\deployment.yml
		deploy\app\clickhouse\batch-job-scale-down.yml = deploy\app\clickhouse\batch-job-scale-down.yml
	EndProjectSection
EndProject
Project("{FAE04EC0-301F-11D3-BF4B-00C04F79EFBC}") = "api.tests", "tests\api\api.tests.csproj", "{09D635B4-2E52-4D4C-8F45-F8B8A0D557C3}"
EndProject
Project("{FAE04EC0-301F-11D3-BF4B-00C04F79EFBC}") = "notifications.tests", "tests\notifications\notifications.tests.csproj", "{85462485-0084-458B-A80F-583E37B800D1}"
EndProject
Project("{2150E333-8FDC-42A3-9474-1A3956D46DE8}") = "agents", "agents", "{8A24561D-C8D9-47B0-A61A-3847CE79454A}"
	ProjectSection(SolutionItems) = preProject
		CLAUDE.md = CLAUDE.md
	EndProjectSection
EndProject
Global
	GlobalSection(SolutionConfigurationPlatforms) = preSolution
		Debug|Any CPU = Debug|Any CPU
		Release|Any CPU = Release|Any CPU
	EndGlobalSection
	GlobalSection(ProjectConfigurationPlatforms) = postSolution
		{8407897C-9190-4688-835C-0B1D2CD6D9D4}.Debug|Any CPU.ActiveCfg = Debug|Any CPU
		{8407897C-9190-4688-835C-0B1D2CD6D9D4}.Debug|Any CPU.Build.0 = Debug|Any CPU
		{8407897C-9190-4688-835C-0B1D2CD6D9D4}.Release|Any CPU.ActiveCfg = Release|Any CPU
		{8407897C-9190-4688-835C-0B1D2CD6D9D4}.Release|Any CPU.Build.0 = Release|Any CPU
		{A1B2C3D4-E5F6-7890-ABCD-EF1234567890}.Debug|Any CPU.ActiveCfg = Debug|Any CPU
		{A1B2C3D4-E5F6-7890-ABCD-EF1234567890}.Debug|Any CPU.Build.0 = Debug|Any CPU
		{A1B2C3D4-E5F6-7890-ABCD-EF1234567890}.Release|Any CPU.ActiveCfg = Release|Any CPU
		{A1B2C3D4-E5F6-7890-ABCD-EF1234567890}.Release|Any CPU.Build.0 = Release|Any CPU
		{09D635B4-2E52-4D4C-8F45-F8B8A0D557C3}.Debug|Any CPU.ActiveCfg = Debug|Any CPU
		{09D635B4-2E52-4D4C-8F45-F8B8A0D557C3}.Debug|Any CPU.Build.0 = Debug|Any CPU
		{09D635B4-2E52-4D4C-8F45-F8B8A0D557C3}.Release|Any CPU.ActiveCfg = Release|Any CPU
		{09D635B4-2E52-4D4C-8F45-F8B8A0D557C3}.Release|Any CPU.Build.0 = Release|Any CPU
		{85462485-0084-458B-A80F-583E37B800D1}.Debug|Any CPU.ActiveCfg = Debug|Any CPU
		{85462485-0084-458B-A80F-583E37B800D1}.Debug|Any CPU.Build.0 = Debug|Any CPU
		{85462485-0084-458B-A80F-583E37B800D1}.Release|Any CPU.ActiveCfg = Release|Any CPU
		{85462485-0084-458B-A80F-583E37B800D1}.Release|Any CPU.Build.0 = Release|Any CPU
	EndGlobalSection
	GlobalSection(NestedProjects) = preSolution
		{E9373366-3A5C-4916-A225-08477EE23649} = {D2AAAE5D-8D28-4907-AD74-0417D6DDC04D}
		{67D0EE3E-1825-4084-8A52-33C1888346B8} = {E9373366-3A5C-4916-A225-08477EE23649}
		{62EA89F3-92D5-4441-96F3-007EE2F1712D} = {E9373366-3A5C-4916-A225-08477EE23649}
	EndGlobalSection
EndGlobal
