
Microsoft Visual Studio Solution File, Format Version 12.00
Project("{FAE04EC0-301F-11D3-BF4B-00C04F79EFBC}") = "junie-des-1942stats", "junie-des-1942stats\junie-des-1942stats.csproj", "{8407897C-9190-4688-835C-0B1D2CD6D9D4}"
EndProject
Project("{FAE04EC0-301F-11D3-BF4B-00C04F79EFBC}") = "junie-des-1942stats.Notifications", "junie-des-1942stats.Notifications\junie-des-1942stats.Notifications.csproj", "{A1B2C3D4-E5F6-7890-ABCD-EF1234567890}"
EndProject
Project("{2150E333-8FDC-42A3-9474-1A3956D46DE8}") = "deploy", "deploy", "{D2AAAE5D-8D28-4907-AD74-0417D6DDC04D}"
	ProjectSection(SolutionItems) = preProject
		deploy\Dockerfile = deploy\Dockerfile
		deploy\pod.yaml = deploy\pod.yaml
	EndProjectSection
EndProject
Project("{2150E333-8FDC-42A3-9474-1A3956D46DE8}") = "app", "app", "{E9373366-3A5C-4916-A225-08477EE23649}"
	ProjectSection(SolutionItems) = preProject
		deploy\app\deployment-manager.yaml = deploy\app\deployment-manager.yaml
		deploy\app\deployment.yaml = deploy\app\deployment.yaml
		deploy\app\ingress.yaml = deploy\app\ingress.yaml
		deploy\app\notifications-deployment.yaml = deploy\app\notifications-deployment.yaml
		deploy\app\service-monitor.yaml = deploy\app\service-monitor.yaml
	EndProjectSection
EndProject
Global
	GlobalSection(SolutionConfigurationPlatforms) = preSolution
		Debug|Any CPU = Debug|Any CPU
		Release|Any CPU = Release|Any CPU
	EndGlobalSection
	GlobalSection(ProjectConfigurationPlatforms) = postSolution
		{8407897C-9190-4688-835C-0B1D2CD6D9D4}.Debug|Any CPU.ActiveCfg = Debug|Any CPU
		{8407897C-9190-4688-835C-0B1D2CD6D9D4}.Debug|Any CPU.Build.0 = Debug|Any CPU
		{8407897C-9190-4688-835C-0B1D2CD6D9D4}.Release|Any CPU.ActiveCfg = Release|Any CPU
		{8407897C-9190-4688-835C-0B1D2CD6D9D4}.Release|Any CPU.Build.0 = Release|Any CPU
		{A1B2C3D4-E5F6-7890-ABCD-EF1234567890}.Debug|Any CPU.ActiveCfg = Debug|Any CPU
		{A1B2C3D4-E5F6-7890-ABCD-EF1234567890}.Debug|Any CPU.Build.0 = Debug|Any CPU
		{A1B2C3D4-E5F6-7890-ABCD-EF1234567890}.Release|Any CPU.ActiveCfg = Release|Any CPU
		{A1B2C3D4-E5F6-7890-ABCD-EF1234567890}.Release|Any CPU.Build.0 = Release|Any CPU
	EndGlobalSection
	GlobalSection(NestedProjects) = preSolution
		{E9373366-3A5C-4916-A225-08477EE23649} = {D2AAAE5D-8D28-4907-AD74-0417D6DDC04D}
	EndGlobalSection
EndGlobal
